
Microsoft Visual Studio Solution File, Format Version 12.00
# Visual Studio 15
VisualStudioVersion = 15.0.26730.16
MinimumVisualStudioVersion = 10.0.40219.1
Project("{FAE04EC0-301F-11D3-BF4B-00C04F79EFBC}") = "win10CoreIOT.Windows", "win10CoreIOT.Windows\win10CoreIOT.Windows.csproj", "{3F173202-B299-4962-B7B1-FA538DA65551}"
EndProject
Project("{FAE04EC0-301F-11D3-BF4B-00C04F79EFBC}") = "Management", "Management\Management.csproj", "{EA586551-6C6D-46EE-9B8E-6B2C71F93910}"
EndProject
Project("{FAE04EC0-301F-11D3-BF4B-00C04F79EFBC}") = "Management.Tests", "Management.Tests\Management.Tests.csproj", "{69E12506-B8B9-4F3E-9B2C-7916471F885B}"
EndProject
Project("{FAE04EC0-301F-11D3-BF4B-00C04F79EFBC}") = "Services", "Services\Services.csproj", "{5E2DD852-AB64-4F20-9540-BDC528E85F5A}"
EndProject
Project("{FAE04EC0-301F-11D3-BF4B-00C04F79EFBC}") = "Services.Tests", "Services.Tests\Services.Tests.csproj", "{7A65BA50-608F-42D8-AE42-48A97968A3F7}"
EndProject
Project("{2150E333-8FDC-42A3-9474-1A3956D46DE8}") = "6. WebManagement", "6. WebManagement", "{DE5BF895-DD97-4401-B2EF-85D959A6C7FD}"
EndProject
Project("{2150E333-8FDC-42A3-9474-1A3956D46DE8}") = "4. SolutionServices", "4. SolutionServices", "{803CF625-13A5-4295-9F76-58F511ADE2F6}"
EndProject
Project("{2150E333-8FDC-42A3-9474-1A3956D46DE8}") = "5. UWP", "5. UWP", "{B93D3B4E-1F07-4CF5-B8C7-82AF26C199D6}"
EndProject
Project("{2150E333-8FDC-42A3-9474-1A3956D46DE8}") = "1. Database", "1. Database", "{88650B0A-512F-4624-A2A5-E6055B1789B6}"
EndProject
Project("{00D1A9C2-B5F0-4AF3-8072-F6C62B433612}") = "win10Core.Database", "win10Core.Database\win10Core.Database.sqlproj", "{DFF23FE9-2123-4862-87A3-6B66B610E4B6}"
EndProject
Project("{2150E333-8FDC-42A3-9474-1A3956D46DE8}") = "2. Business", "2. Business", "{DC843B8A-38CA-4C83-94EC-1F641DFED5BA}"
EndProject
Project("{FAE04EC0-301F-11D3-BF4B-00C04F79EFBC}") = "win10Core.Business", "win10Core.Business\win10Core.Business.csproj", "{3C410F47-19C3-4B4B-8F6D-7E9FD4C56A10}"
EndProject
Project("{FAE04EC0-301F-11D3-BF4B-00C04F79EFBC}") = "Business.Test", "Business.Test\Business.Test.csproj", "{6F6954C3-09AD-4480-A04D-DA3C5FCDEAD4}"
EndProject
Project("{2150E333-8FDC-42A3-9474-1A3956D46DE8}") = "8. UnitTests", "8. UnitTests", "{E0C91D03-4DFE-4C03-BB6E-C99A23014E6A}"
EndProject
Project("{2150E333-8FDC-42A3-9474-1A3956D46DE8}") = "9. IntegrationTests", "9. IntegrationTests", "{46A0484F-154B-433F-8BD0-31E6CFA63BDF}"
EndProject
Project("{FAE04EC0-301F-11D3-BF4B-00C04F79EFBC}") = "Integration", "Integration\Integration.csproj", "{A9A0B04C-8BA7-46D3-A69D-A7E67F8025C0}"
EndProject
Project("{2150E333-8FDC-42A3-9474-1A3956D46DE8}") = "3. ServiceContracts", "3. ServiceContracts", "{1A2CE9E0-812F-42DE-801E-A4D77CDF976C}"
EndProject
Project("{9A19103F-16F7-4668-BE54-9A1E7A4F7556}") = "ServiceContracts", "Contracts\ServiceContracts.csproj", "{8C44CD29-EB50-4F5F-A18B-61A8799FB831}"
EndProject
Project("{FAE04EC0-301F-11D3-BF4B-00C04F79EFBC}") = "win10CoreIOT.Background", "win10CoreIOT.Background\win10CoreIOT.Background.csproj", "{22153DEE-4A54-4F8A-9887-04AB3CD4B115}"
EndProject
Project("{9A19103F-16F7-4668-BE54-9A1E7A4F7556}") = "Services.ASPNETCore", "Services.ASPNETCore\Services.ASPNETCore.csproj", "{627D9E02-B03A-4D2C-B19F-BF78B5072CA7}"
EndProject
Project("{FAE04EC0-301F-11D3-BF4B-00C04F79EFBC}") = "win10Core.Business.NETCORE", "win10Core.Business.NETCORE\win10Core.Business.NETCORE.csproj", "{3804B6BF-0B4D-45BC-9AD7-DE0445B4F8F8}"
EndProject
Global
	GlobalSection(SolutionConfigurationPlatforms) = preSolution
		Debug|Any CPU = Debug|Any CPU
		Debug|ARM = Debug|ARM
		Debug|x64 = Debug|x64
		Debug|x86 = Debug|x86
		Release|Any CPU = Release|Any CPU
		Release|ARM = Release|ARM
		Release|x64 = Release|x64
		Release|x86 = Release|x86
	EndGlobalSection
	GlobalSection(ProjectConfigurationPlatforms) = postSolution
		{3F173202-B299-4962-B7B1-FA538DA65551}.Debug|Any CPU.ActiveCfg = Debug|x86
		{3F173202-B299-4962-B7B1-FA538DA65551}.Debug|ARM.ActiveCfg = Debug|ARM
		{3F173202-B299-4962-B7B1-FA538DA65551}.Debug|ARM.Build.0 = Debug|ARM
		{3F173202-B299-4962-B7B1-FA538DA65551}.Debug|ARM.Deploy.0 = Debug|ARM
		{3F173202-B299-4962-B7B1-FA538DA65551}.Debug|x64.ActiveCfg = Debug|x64
		{3F173202-B299-4962-B7B1-FA538DA65551}.Debug|x64.Build.0 = Debug|x64
		{3F173202-B299-4962-B7B1-FA538DA65551}.Debug|x64.Deploy.0 = Debug|x64
		{3F173202-B299-4962-B7B1-FA538DA65551}.Debug|x86.ActiveCfg = Debug|x86
		{3F173202-B299-4962-B7B1-FA538DA65551}.Debug|x86.Build.0 = Debug|x86
		{3F173202-B299-4962-B7B1-FA538DA65551}.Debug|x86.Deploy.0 = Debug|x86
		{3F173202-B299-4962-B7B1-FA538DA65551}.Release|Any CPU.ActiveCfg = Release|x86
		{3F173202-B299-4962-B7B1-FA538DA65551}.Release|ARM.ActiveCfg = Release|ARM
		{3F173202-B299-4962-B7B1-FA538DA65551}.Release|ARM.Build.0 = Release|ARM
		{3F173202-B299-4962-B7B1-FA538DA65551}.Release|ARM.Deploy.0 = Release|ARM
		{3F173202-B299-4962-B7B1-FA538DA65551}.Release|x64.ActiveCfg = Release|x64
		{3F173202-B299-4962-B7B1-FA538DA65551}.Release|x64.Build.0 = Release|x64
		{3F173202-B299-4962-B7B1-FA538DA65551}.Release|x64.Deploy.0 = Release|x64
		{3F173202-B299-4962-B7B1-FA538DA65551}.Release|x86.ActiveCfg = Release|x86
		{3F173202-B299-4962-B7B1-FA538DA65551}.Release|x86.Build.0 = Release|x86
		{3F173202-B299-4962-B7B1-FA538DA65551}.Release|x86.Deploy.0 = Release|x86
		{EA586551-6C6D-46EE-9B8E-6B2C71F93910}.Debug|Any CPU.ActiveCfg = Debug|Any CPU
		{EA586551-6C6D-46EE-9B8E-6B2C71F93910}.Debug|Any CPU.Build.0 = Debug|Any CPU
		{EA586551-6C6D-46EE-9B8E-6B2C71F93910}.Debug|ARM.ActiveCfg = Debug|Any CPU
		{EA586551-6C6D-46EE-9B8E-6B2C71F93910}.Debug|ARM.Build.0 = Debug|Any CPU
		{EA586551-6C6D-46EE-9B8E-6B2C71F93910}.Debug|x64.ActiveCfg = Debug|Any CPU
		{EA586551-6C6D-46EE-9B8E-6B2C71F93910}.Debug|x64.Build.0 = Debug|Any CPU
		{EA586551-6C6D-46EE-9B8E-6B2C71F93910}.Debug|x86.ActiveCfg = Debug|Any CPU
		{EA586551-6C6D-46EE-9B8E-6B2C71F93910}.Debug|x86.Build.0 = Debug|Any CPU
		{EA586551-6C6D-46EE-9B8E-6B2C71F93910}.Release|Any CPU.ActiveCfg = Release|Any CPU
		{EA586551-6C6D-46EE-9B8E-6B2C71F93910}.Release|Any CPU.Build.0 = Release|Any CPU
		{EA586551-6C6D-46EE-9B8E-6B2C71F93910}.Release|ARM.ActiveCfg = Release|Any CPU
		{EA586551-6C6D-46EE-9B8E-6B2C71F93910}.Release|ARM.Build.0 = Release|Any CPU
		{EA586551-6C6D-46EE-9B8E-6B2C71F93910}.Release|x64.ActiveCfg = Release|Any CPU
		{EA586551-6C6D-46EE-9B8E-6B2C71F93910}.Release|x64.Build.0 = Release|Any CPU
		{EA586551-6C6D-46EE-9B8E-6B2C71F93910}.Release|x86.ActiveCfg = Release|Any CPU
		{EA586551-6C6D-46EE-9B8E-6B2C71F93910}.Release|x86.Build.0 = Release|Any CPU
		{69E12506-B8B9-4F3E-9B2C-7916471F885B}.Debug|Any CPU.ActiveCfg = Debug|Any CPU
		{69E12506-B8B9-4F3E-9B2C-7916471F885B}.Debug|Any CPU.Build.0 = Debug|Any CPU
		{69E12506-B8B9-4F3E-9B2C-7916471F885B}.Debug|ARM.ActiveCfg = Debug|Any CPU
		{69E12506-B8B9-4F3E-9B2C-7916471F885B}.Debug|ARM.Build.0 = Debug|Any CPU
		{69E12506-B8B9-4F3E-9B2C-7916471F885B}.Debug|x64.ActiveCfg = Debug|Any CPU
		{69E12506-B8B9-4F3E-9B2C-7916471F885B}.Debug|x64.Build.0 = Debug|Any CPU
		{69E12506-B8B9-4F3E-9B2C-7916471F885B}.Debug|x86.ActiveCfg = Debug|Any CPU
		{69E12506-B8B9-4F3E-9B2C-7916471F885B}.Debug|x86.Build.0 = Debug|Any CPU
		{69E12506-B8B9-4F3E-9B2C-7916471F885B}.Release|Any CPU.ActiveCfg = Release|Any CPU
		{69E12506-B8B9-4F3E-9B2C-7916471F885B}.Release|Any CPU.Build.0 = Release|Any CPU
		{69E12506-B8B9-4F3E-9B2C-7916471F885B}.Release|ARM.ActiveCfg = Release|Any CPU
		{69E12506-B8B9-4F3E-9B2C-7916471F885B}.Release|ARM.Build.0 = Release|Any CPU
		{69E12506-B8B9-4F3E-9B2C-7916471F885B}.Release|x64.ActiveCfg = Release|Any CPU
		{69E12506-B8B9-4F3E-9B2C-7916471F885B}.Release|x64.Build.0 = Release|Any CPU
		{69E12506-B8B9-4F3E-9B2C-7916471F885B}.Release|x86.ActiveCfg = Release|Any CPU
		{69E12506-B8B9-4F3E-9B2C-7916471F885B}.Release|x86.Build.0 = Release|Any CPU
		{5E2DD852-AB64-4F20-9540-BDC528E85F5A}.Debug|Any CPU.ActiveCfg = Debug|Any CPU
		{5E2DD852-AB64-4F20-9540-BDC528E85F5A}.Debug|Any CPU.Build.0 = Debug|Any CPU
		{5E2DD852-AB64-4F20-9540-BDC528E85F5A}.Debug|ARM.ActiveCfg = Debug|Any CPU
		{5E2DD852-AB64-4F20-9540-BDC528E85F5A}.Debug|ARM.Build.0 = Debug|Any CPU
		{5E2DD852-AB64-4F20-9540-BDC528E85F5A}.Debug|x64.ActiveCfg = Debug|Any CPU
		{5E2DD852-AB64-4F20-9540-BDC528E85F5A}.Debug|x64.Build.0 = Debug|Any CPU
		{5E2DD852-AB64-4F20-9540-BDC528E85F5A}.Debug|x86.ActiveCfg = Debug|Any CPU
		{5E2DD852-AB64-4F20-9540-BDC528E85F5A}.Debug|x86.Build.0 = Debug|Any CPU
		{5E2DD852-AB64-4F20-9540-BDC528E85F5A}.Release|Any CPU.ActiveCfg = Release|Any CPU
		{5E2DD852-AB64-4F20-9540-BDC528E85F5A}.Release|Any CPU.Build.0 = Release|Any CPU
		{5E2DD852-AB64-4F20-9540-BDC528E85F5A}.Release|ARM.ActiveCfg = Release|Any CPU
		{5E2DD852-AB64-4F20-9540-BDC528E85F5A}.Release|ARM.Build.0 = Release|Any CPU
		{5E2DD852-AB64-4F20-9540-BDC528E85F5A}.Release|x64.ActiveCfg = Release|Any CPU
		{5E2DD852-AB64-4F20-9540-BDC528E85F5A}.Release|x64.Build.0 = Release|Any CPU
		{5E2DD852-AB64-4F20-9540-BDC528E85F5A}.Release|x86.ActiveCfg = Release|Any CPU
		{5E2DD852-AB64-4F20-9540-BDC528E85F5A}.Release|x86.Build.0 = Release|Any CPU
		{7A65BA50-608F-42D8-AE42-48A97968A3F7}.Debug|Any CPU.ActiveCfg = Debug|Any CPU
		{7A65BA50-608F-42D8-AE42-48A97968A3F7}.Debug|Any CPU.Build.0 = Debug|Any CPU
		{7A65BA50-608F-42D8-AE42-48A97968A3F7}.Debug|ARM.ActiveCfg = Debug|Any CPU
		{7A65BA50-608F-42D8-AE42-48A97968A3F7}.Debug|ARM.Build.0 = Debug|Any CPU
		{7A65BA50-608F-42D8-AE42-48A97968A3F7}.Debug|x64.ActiveCfg = Debug|Any CPU
		{7A65BA50-608F-42D8-AE42-48A97968A3F7}.Debug|x64.Build.0 = Debug|Any CPU
		{7A65BA50-608F-42D8-AE42-48A97968A3F7}.Debug|x86.ActiveCfg = Debug|Any CPU
		{7A65BA50-608F-42D8-AE42-48A97968A3F7}.Debug|x86.Build.0 = Debug|Any CPU
		{7A65BA50-608F-42D8-AE42-48A97968A3F7}.Release|Any CPU.ActiveCfg = Release|Any CPU
		{7A65BA50-608F-42D8-AE42-48A97968A3F7}.Release|Any CPU.Build.0 = Release|Any CPU
		{7A65BA50-608F-42D8-AE42-48A97968A3F7}.Release|ARM.ActiveCfg = Release|Any CPU
		{7A65BA50-608F-42D8-AE42-48A97968A3F7}.Release|ARM.Build.0 = Release|Any CPU
		{7A65BA50-608F-42D8-AE42-48A97968A3F7}.Release|x64.ActiveCfg = Release|Any CPU
		{7A65BA50-608F-42D8-AE42-48A97968A3F7}.Release|x64.Build.0 = Release|Any CPU
		{7A65BA50-608F-42D8-AE42-48A97968A3F7}.Release|x86.ActiveCfg = Release|Any CPU
		{7A65BA50-608F-42D8-AE42-48A97968A3F7}.Release|x86.Build.0 = Release|Any CPU
		{DFF23FE9-2123-4862-87A3-6B66B610E4B6}.Debug|Any CPU.ActiveCfg = Debug|Any CPU
		{DFF23FE9-2123-4862-87A3-6B66B610E4B6}.Debug|Any CPU.Build.0 = Debug|Any CPU
		{DFF23FE9-2123-4862-87A3-6B66B610E4B6}.Debug|Any CPU.Deploy.0 = Debug|Any CPU
		{DFF23FE9-2123-4862-87A3-6B66B610E4B6}.Debug|ARM.ActiveCfg = Debug|Any CPU
		{DFF23FE9-2123-4862-87A3-6B66B610E4B6}.Debug|ARM.Build.0 = Debug|Any CPU
		{DFF23FE9-2123-4862-87A3-6B66B610E4B6}.Debug|ARM.Deploy.0 = Debug|Any CPU
		{DFF23FE9-2123-4862-87A3-6B66B610E4B6}.Debug|x64.ActiveCfg = Debug|Any CPU
		{DFF23FE9-2123-4862-87A3-6B66B610E4B6}.Debug|x64.Build.0 = Debug|Any CPU
		{DFF23FE9-2123-4862-87A3-6B66B610E4B6}.Debug|x64.Deploy.0 = Debug|Any CPU
		{DFF23FE9-2123-4862-87A3-6B66B610E4B6}.Debug|x86.ActiveCfg = Debug|Any CPU
		{DFF23FE9-2123-4862-87A3-6B66B610E4B6}.Debug|x86.Build.0 = Debug|Any CPU
		{DFF23FE9-2123-4862-87A3-6B66B610E4B6}.Debug|x86.Deploy.0 = Debug|Any CPU
		{DFF23FE9-2123-4862-87A3-6B66B610E4B6}.Release|Any CPU.ActiveCfg = Release|Any CPU
		{DFF23FE9-2123-4862-87A3-6B66B610E4B6}.Release|Any CPU.Build.0 = Release|Any CPU
		{DFF23FE9-2123-4862-87A3-6B66B610E4B6}.Release|Any CPU.Deploy.0 = Release|Any CPU
		{DFF23FE9-2123-4862-87A3-6B66B610E4B6}.Release|ARM.ActiveCfg = Release|Any CPU
		{DFF23FE9-2123-4862-87A3-6B66B610E4B6}.Release|ARM.Build.0 = Release|Any CPU
		{DFF23FE9-2123-4862-87A3-6B66B610E4B6}.Release|ARM.Deploy.0 = Release|Any CPU
		{DFF23FE9-2123-4862-87A3-6B66B610E4B6}.Release|x64.ActiveCfg = Release|Any CPU
		{DFF23FE9-2123-4862-87A3-6B66B610E4B6}.Release|x64.Build.0 = Release|Any CPU
		{DFF23FE9-2123-4862-87A3-6B66B610E4B6}.Release|x64.Deploy.0 = Release|Any CPU
		{DFF23FE9-2123-4862-87A3-6B66B610E4B6}.Release|x86.ActiveCfg = Release|Any CPU
		{DFF23FE9-2123-4862-87A3-6B66B610E4B6}.Release|x86.Build.0 = Release|Any CPU
		{DFF23FE9-2123-4862-87A3-6B66B610E4B6}.Release|x86.Deploy.0 = Release|Any CPU
		{3C410F47-19C3-4B4B-8F6D-7E9FD4C56A10}.Debug|Any CPU.ActiveCfg = Debug|Any CPU
		{3C410F47-19C3-4B4B-8F6D-7E9FD4C56A10}.Debug|Any CPU.Build.0 = Debug|Any CPU
		{3C410F47-19C3-4B4B-8F6D-7E9FD4C56A10}.Debug|ARM.ActiveCfg = Debug|Any CPU
		{3C410F47-19C3-4B4B-8F6D-7E9FD4C56A10}.Debug|ARM.Build.0 = Debug|Any CPU
		{3C410F47-19C3-4B4B-8F6D-7E9FD4C56A10}.Debug|x64.ActiveCfg = Debug|Any CPU
		{3C410F47-19C3-4B4B-8F6D-7E9FD4C56A10}.Debug|x64.Build.0 = Debug|Any CPU
		{3C410F47-19C3-4B4B-8F6D-7E9FD4C56A10}.Debug|x86.ActiveCfg = Debug|Any CPU
		{3C410F47-19C3-4B4B-8F6D-7E9FD4C56A10}.Debug|x86.Build.0 = Debug|Any CPU
		{3C410F47-19C3-4B4B-8F6D-7E9FD4C56A10}.Release|Any CPU.ActiveCfg = Release|Any CPU
		{3C410F47-19C3-4B4B-8F6D-7E9FD4C56A10}.Release|Any CPU.Build.0 = Release|Any CPU
		{3C410F47-19C3-4B4B-8F6D-7E9FD4C56A10}.Release|ARM.ActiveCfg = Release|Any CPU
		{3C410F47-19C3-4B4B-8F6D-7E9FD4C56A10}.Release|ARM.Build.0 = Release|Any CPU
		{3C410F47-19C3-4B4B-8F6D-7E9FD4C56A10}.Release|x64.ActiveCfg = Release|Any CPU
		{3C410F47-19C3-4B4B-8F6D-7E9FD4C56A10}.Release|x64.Build.0 = Release|Any CPU
		{3C410F47-19C3-4B4B-8F6D-7E9FD4C56A10}.Release|x86.ActiveCfg = Release|Any CPU
		{3C410F47-19C3-4B4B-8F6D-7E9FD4C56A10}.Release|x86.Build.0 = Release|Any CPU
		{6F6954C3-09AD-4480-A04D-DA3C5FCDEAD4}.Debug|Any CPU.ActiveCfg = Debug|Any CPU
		{6F6954C3-09AD-4480-A04D-DA3C5FCDEAD4}.Debug|Any CPU.Build.0 = Debug|Any CPU
		{6F6954C3-09AD-4480-A04D-DA3C5FCDEAD4}.Debug|ARM.ActiveCfg = Debug|Any CPU
		{6F6954C3-09AD-4480-A04D-DA3C5FCDEAD4}.Debug|ARM.Build.0 = Debug|Any CPU
		{6F6954C3-09AD-4480-A04D-DA3C5FCDEAD4}.Debug|x64.ActiveCfg = Debug|Any CPU
		{6F6954C3-09AD-4480-A04D-DA3C5FCDEAD4}.Debug|x64.Build.0 = Debug|Any CPU
		{6F6954C3-09AD-4480-A04D-DA3C5FCDEAD4}.Debug|x86.ActiveCfg = Debug|Any CPU
		{6F6954C3-09AD-4480-A04D-DA3C5FCDEAD4}.Debug|x86.Build.0 = Debug|Any CPU
		{6F6954C3-09AD-4480-A04D-DA3C5FCDEAD4}.Release|Any CPU.ActiveCfg = Release|Any CPU
		{6F6954C3-09AD-4480-A04D-DA3C5FCDEAD4}.Release|Any CPU.Build.0 = Release|Any CPU
		{6F6954C3-09AD-4480-A04D-DA3C5FCDEAD4}.Release|ARM.ActiveCfg = Release|Any CPU
		{6F6954C3-09AD-4480-A04D-DA3C5FCDEAD4}.Release|ARM.Build.0 = Release|Any CPU
		{6F6954C3-09AD-4480-A04D-DA3C5FCDEAD4}.Release|x64.ActiveCfg = Release|Any CPU
		{6F6954C3-09AD-4480-A04D-DA3C5FCDEAD4}.Release|x64.Build.0 = Release|Any CPU
		{6F6954C3-09AD-4480-A04D-DA3C5FCDEAD4}.Release|x86.ActiveCfg = Release|Any CPU
		{6F6954C3-09AD-4480-A04D-DA3C5FCDEAD4}.Release|x86.Build.0 = Release|Any CPU
		{A9A0B04C-8BA7-46D3-A69D-A7E67F8025C0}.Debug|Any CPU.ActiveCfg = Debug|Any CPU
		{A9A0B04C-8BA7-46D3-A69D-A7E67F8025C0}.Debug|Any CPU.Build.0 = Debug|Any CPU
		{A9A0B04C-8BA7-46D3-A69D-A7E67F8025C0}.Debug|ARM.ActiveCfg = Debug|Any CPU
		{A9A0B04C-8BA7-46D3-A69D-A7E67F8025C0}.Debug|ARM.Build.0 = Debug|Any CPU
		{A9A0B04C-8BA7-46D3-A69D-A7E67F8025C0}.Debug|x64.ActiveCfg = Debug|Any CPU
		{A9A0B04C-8BA7-46D3-A69D-A7E67F8025C0}.Debug|x64.Build.0 = Debug|Any CPU
		{A9A0B04C-8BA7-46D3-A69D-A7E67F8025C0}.Debug|x86.ActiveCfg = Debug|Any CPU
		{A9A0B04C-8BA7-46D3-A69D-A7E67F8025C0}.Debug|x86.Build.0 = Debug|Any CPU
		{A9A0B04C-8BA7-46D3-A69D-A7E67F8025C0}.Release|Any CPU.ActiveCfg = Release|Any CPU
		{A9A0B04C-8BA7-46D3-A69D-A7E67F8025C0}.Release|Any CPU.Build.0 = Release|Any CPU
		{A9A0B04C-8BA7-46D3-A69D-A7E67F8025C0}.Release|ARM.ActiveCfg = Release|Any CPU
		{A9A0B04C-8BA7-46D3-A69D-A7E67F8025C0}.Release|ARM.Build.0 = Release|Any CPU
		{A9A0B04C-8BA7-46D3-A69D-A7E67F8025C0}.Release|x64.ActiveCfg = Release|Any CPU
		{A9A0B04C-8BA7-46D3-A69D-A7E67F8025C0}.Release|x64.Build.0 = Release|Any CPU
		{A9A0B04C-8BA7-46D3-A69D-A7E67F8025C0}.Release|x86.ActiveCfg = Release|Any CPU
		{A9A0B04C-8BA7-46D3-A69D-A7E67F8025C0}.Release|x86.Build.0 = Release|Any CPU
		{8C44CD29-EB50-4F5F-A18B-61A8799FB831}.Debug|Any CPU.ActiveCfg = Debug|Any CPU
		{8C44CD29-EB50-4F5F-A18B-61A8799FB831}.Debug|Any CPU.Build.0 = Debug|Any CPU
		{8C44CD29-EB50-4F5F-A18B-61A8799FB831}.Debug|ARM.ActiveCfg = Debug|Any CPU
		{8C44CD29-EB50-4F5F-A18B-61A8799FB831}.Debug|ARM.Build.0 = Debug|Any CPU
		{8C44CD29-EB50-4F5F-A18B-61A8799FB831}.Debug|x64.ActiveCfg = Debug|Any CPU
		{8C44CD29-EB50-4F5F-A18B-61A8799FB831}.Debug|x64.Build.0 = Debug|Any CPU
		{8C44CD29-EB50-4F5F-A18B-61A8799FB831}.Debug|x86.ActiveCfg = Debug|Any CPU
		{8C44CD29-EB50-4F5F-A18B-61A8799FB831}.Debug|x86.Build.0 = Debug|Any CPU
		{8C44CD29-EB50-4F5F-A18B-61A8799FB831}.Release|Any CPU.ActiveCfg = Release|Any CPU
		{8C44CD29-EB50-4F5F-A18B-61A8799FB831}.Release|Any CPU.Build.0 = Release|Any CPU
		{8C44CD29-EB50-4F5F-A18B-61A8799FB831}.Release|ARM.ActiveCfg = Release|Any CPU
		{8C44CD29-EB50-4F5F-A18B-61A8799FB831}.Release|ARM.Build.0 = Release|Any CPU
		{8C44CD29-EB50-4F5F-A18B-61A8799FB831}.Release|x64.ActiveCfg = Release|Any CPU
		{8C44CD29-EB50-4F5F-A18B-61A8799FB831}.Release|x64.Build.0 = Release|Any CPU
		{8C44CD29-EB50-4F5F-A18B-61A8799FB831}.Release|x86.ActiveCfg = Release|Any CPU
		{8C44CD29-EB50-4F5F-A18B-61A8799FB831}.Release|x86.Build.0 = Release|Any CPU
		{22153DEE-4A54-4F8A-9887-04AB3CD4B115}.Debug|Any CPU.ActiveCfg = Debug|x86
		{22153DEE-4A54-4F8A-9887-04AB3CD4B115}.Debug|ARM.ActiveCfg = Debug|ARM
		{22153DEE-4A54-4F8A-9887-04AB3CD4B115}.Debug|ARM.Build.0 = Debug|ARM
		{22153DEE-4A54-4F8A-9887-04AB3CD4B115}.Debug|ARM.Deploy.0 = Debug|ARM
		{22153DEE-4A54-4F8A-9887-04AB3CD4B115}.Debug|x64.ActiveCfg = Debug|x64
		{22153DEE-4A54-4F8A-9887-04AB3CD4B115}.Debug|x64.Build.0 = Debug|x64
		{22153DEE-4A54-4F8A-9887-04AB3CD4B115}.Debug|x64.Deploy.0 = Debug|x64
		{22153DEE-4A54-4F8A-9887-04AB3CD4B115}.Debug|x86.ActiveCfg = Debug|x86
		{22153DEE-4A54-4F8A-9887-04AB3CD4B115}.Debug|x86.Build.0 = Debug|x86
		{22153DEE-4A54-4F8A-9887-04AB3CD4B115}.Debug|x86.Deploy.0 = Debug|x86
		{22153DEE-4A54-4F8A-9887-04AB3CD4B115}.Release|Any CPU.ActiveCfg = Release|x86
		{22153DEE-4A54-4F8A-9887-04AB3CD4B115}.Release|ARM.ActiveCfg = Release|ARM
		{22153DEE-4A54-4F8A-9887-04AB3CD4B115}.Release|ARM.Build.0 = Release|ARM
		{22153DEE-4A54-4F8A-9887-04AB3CD4B115}.Release|ARM.Deploy.0 = Release|ARM
		{22153DEE-4A54-4F8A-9887-04AB3CD4B115}.Release|x64.ActiveCfg = Release|x64
		{22153DEE-4A54-4F8A-9887-04AB3CD4B115}.Release|x64.Build.0 = Release|x64
		{22153DEE-4A54-4F8A-9887-04AB3CD4B115}.Release|x64.Deploy.0 = Release|x64
		{22153DEE-4A54-4F8A-9887-04AB3CD4B115}.Release|x86.ActiveCfg = Release|x86
		{22153DEE-4A54-4F8A-9887-04AB3CD4B115}.Release|x86.Build.0 = Release|x86
		{22153DEE-4A54-4F8A-9887-04AB3CD4B115}.Release|x86.Deploy.0 = Release|x86
		{627D9E02-B03A-4D2C-B19F-BF78B5072CA7}.Debug|Any CPU.ActiveCfg = Debug|Any CPU
		{627D9E02-B03A-4D2C-B19F-BF78B5072CA7}.Debug|Any CPU.Build.0 = Debug|Any CPU
		{627D9E02-B03A-4D2C-B19F-BF78B5072CA7}.Debug|ARM.ActiveCfg = Debug|Any CPU
		{627D9E02-B03A-4D2C-B19F-BF78B5072CA7}.Debug|ARM.Build.0 = Debug|Any CPU
		{627D9E02-B03A-4D2C-B19F-BF78B5072CA7}.Debug|x64.ActiveCfg = Debug|Any CPU
		{627D9E02-B03A-4D2C-B19F-BF78B5072CA7}.Debug|x64.Build.0 = Debug|Any CPU
		{627D9E02-B03A-4D2C-B19F-BF78B5072CA7}.Debug|x86.ActiveCfg = Debug|Any CPU
		{627D9E02-B03A-4D2C-B19F-BF78B5072CA7}.Debug|x86.Build.0 = Debug|Any CPU
		{627D9E02-B03A-4D2C-B19F-BF78B5072CA7}.Release|Any CPU.ActiveCfg = Release|Any CPU
		{627D9E02-B03A-4D2C-B19F-BF78B5072CA7}.Release|Any CPU.Build.0 = Release|Any CPU
		{627D9E02-B03A-4D2C-B19F-BF78B5072CA7}.Release|ARM.ActiveCfg = Release|Any CPU
		{627D9E02-B03A-4D2C-B19F-BF78B5072CA7}.Release|ARM.Build.0 = Release|Any CPU
		{627D9E02-B03A-4D2C-B19F-BF78B5072CA7}.Release|x64.ActiveCfg = Release|Any CPU
		{627D9E02-B03A-4D2C-B19F-BF78B5072CA7}.Release|x64.Build.0 = Release|Any CPU
		{627D9E02-B03A-4D2C-B19F-BF78B5072CA7}.Release|x86.ActiveCfg = Release|Any CPU
		{627D9E02-B03A-4D2C-B19F-BF78B5072CA7}.Release|x86.Build.0 = Release|Any CPU
		{3804B6BF-0B4D-45BC-9AD7-DE0445B4F8F8}.Debug|Any CPU.ActiveCfg = Debug|Any CPU
		{3804B6BF-0B4D-45BC-9AD7-DE0445B4F8F8}.Debug|Any CPU.Build.0 = Debug|Any CPU
		{3804B6BF-0B4D-45BC-9AD7-DE0445B4F8F8}.Debug|ARM.ActiveCfg = Debug|Any CPU
		{3804B6BF-0B4D-45BC-9AD7-DE0445B4F8F8}.Debug|ARM.Build.0 = Debug|Any CPU
		{3804B6BF-0B4D-45BC-9AD7-DE0445B4F8F8}.Debug|x64.ActiveCfg = Debug|Any CPU
		{3804B6BF-0B4D-45BC-9AD7-DE0445B4F8F8}.Debug|x64.Build.0 = Debug|Any CPU
		{3804B6BF-0B4D-45BC-9AD7-DE0445B4F8F8}.Debug|x86.ActiveCfg = Debug|Any CPU
		{3804B6BF-0B4D-45BC-9AD7-DE0445B4F8F8}.Debug|x86.Build.0 = Debug|Any CPU
		{3804B6BF-0B4D-45BC-9AD7-DE0445B4F8F8}.Release|Any CPU.ActiveCfg = Release|Any CPU
		{3804B6BF-0B4D-45BC-9AD7-DE0445B4F8F8}.Release|Any CPU.Build.0 = Release|Any CPU
		{3804B6BF-0B4D-45BC-9AD7-DE0445B4F8F8}.Release|ARM.ActiveCfg = Release|Any CPU
		{3804B6BF-0B4D-45BC-9AD7-DE0445B4F8F8}.Release|ARM.Build.0 = Release|Any CPU
		{3804B6BF-0B4D-45BC-9AD7-DE0445B4F8F8}.Release|x64.ActiveCfg = Release|Any CPU
		{3804B6BF-0B4D-45BC-9AD7-DE0445B4F8F8}.Release|x64.Build.0 = Release|Any CPU
		{3804B6BF-0B4D-45BC-9AD7-DE0445B4F8F8}.Release|x86.ActiveCfg = Release|Any CPU
		{3804B6BF-0B4D-45BC-9AD7-DE0445B4F8F8}.Release|x86.Build.0 = Release|Any CPU
	EndGlobalSection
	GlobalSection(SolutionProperties) = preSolution
		HideSolutionNode = FALSE
	EndGlobalSection
	GlobalSection(NestedProjects) = preSolution
		{3F173202-B299-4962-B7B1-FA538DA65551} = {B93D3B4E-1F07-4CF5-B8C7-82AF26C199D6}
		{EA586551-6C6D-46EE-9B8E-6B2C71F93910} = {DE5BF895-DD97-4401-B2EF-85D959A6C7FD}
		{69E12506-B8B9-4F3E-9B2C-7916471F885B} = {E0C91D03-4DFE-4C03-BB6E-C99A23014E6A}
		{5E2DD852-AB64-4F20-9540-BDC528E85F5A} = {803CF625-13A5-4295-9F76-58F511ADE2F6}
		{7A65BA50-608F-42D8-AE42-48A97968A3F7} = {E0C91D03-4DFE-4C03-BB6E-C99A23014E6A}
		{DFF23FE9-2123-4862-87A3-6B66B610E4B6} = {88650B0A-512F-4624-A2A5-E6055B1789B6}
		{3C410F47-19C3-4B4B-8F6D-7E9FD4C56A10} = {DC843B8A-38CA-4C83-94EC-1F641DFED5BA}
		{6F6954C3-09AD-4480-A04D-DA3C5FCDEAD4} = {E0C91D03-4DFE-4C03-BB6E-C99A23014E6A}
		{A9A0B04C-8BA7-46D3-A69D-A7E67F8025C0} = {46A0484F-154B-433F-8BD0-31E6CFA63BDF}
		{8C44CD29-EB50-4F5F-A18B-61A8799FB831} = {1A2CE9E0-812F-42DE-801E-A4D77CDF976C}
		{22153DEE-4A54-4F8A-9887-04AB3CD4B115} = {B93D3B4E-1F07-4CF5-B8C7-82AF26C199D6}
		{627D9E02-B03A-4D2C-B19F-BF78B5072CA7} = {803CF625-13A5-4295-9F76-58F511ADE2F6}
		{3804B6BF-0B4D-45BC-9AD7-DE0445B4F8F8} = {DC843B8A-38CA-4C83-94EC-1F641DFED5BA}
	EndGlobalSection
	GlobalSection(ExtensibilityGlobals) = postSolution
		SolutionGuid = {462E341B-92A5-4FAF-970C-1D39B6A25C32}
	EndGlobalSection
EndGlobal
